
Microsoft Visual Studio Solution File, Format Version 12.00
# Visual Studio Version 17
VisualStudioVersion = 17.6.33417.168
MinimumVisualStudioVersion = 10.0.40219.1
Project("{9A19103F-16F7-4668-BE54-9A1E7A4F7556}") = "notification-center-api", "notification-center-api\notification-center-api.csproj", "{34065CA6-2FB1-46A4-B8DF-61D9E28960C1}"
EndProject
Project("{9A19103F-16F7-4668-BE54-9A1E7A4F7556}") = "notification-center-app", "..\notification_system-distributed\notification-center-app\notification-center-app.csproj", "{5F4C6B93-FDFE-4047-9008-5712A5F375D3}"
EndProject
Project("{9A19103F-16F7-4668-BE54-9A1E7A4F7556}") = "common-data", "..\notification_system-distributed\common-data\common-data.csproj", "{F4BA5305-2069-48F0-A203-BF3621243786}"
EndProject
Global
	GlobalSection(SolutionConfigurationPlatforms) = preSolution
		Debug|Any CPU = Debug|Any CPU
		Release|Any CPU = Release|Any CPU
	EndGlobalSection
	GlobalSection(ProjectConfigurationPlatforms) = postSolution
		{34065CA6-2FB1-46A4-B8DF-61D9E28960C1}.Debug|Any CPU.ActiveCfg = Debug|Any CPU
		{34065CA6-2FB1-46A4-B8DF-61D9E28960C1}.Debug|Any CPU.Build.0 = Debug|Any CPU
		{34065CA6-2FB1-46A4-B8DF-61D9E28960C1}.Release|Any CPU.ActiveCfg = Release|Any CPU
		{34065CA6-2FB1-46A4-B8DF-61D9E28960C1}.Release|Any CPU.Build.0 = Release|Any CPU
		{5F4C6B93-FDFE-4047-9008-5712A5F375D3}.Debug|Any CPU.ActiveCfg = Debug|Any CPU
		{5F4C6B93-FDFE-4047-9008-5712A5F375D3}.Debug|Any CPU.Build.0 = Debug|Any CPU
		{5F4C6B93-FDFE-4047-9008-5712A5F375D3}.Release|Any CPU.ActiveCfg = Release|Any CPU
		{5F4C6B93-FDFE-4047-9008-5712A5F375D3}.Release|Any CPU.Build.0 = Release|Any CPU
		{F4BA5305-2069-48F0-A203-BF3621243786}.Debug|Any CPU.ActiveCfg = Debug|Any CPU
		{F4BA5305-2069-48F0-A203-BF3621243786}.Debug|Any CPU.Build.0 = Debug|Any CPU
		{F4BA5305-2069-48F0-A203-BF3621243786}.Release|Any CPU.ActiveCfg = Release|Any CPU
		{F4BA5305-2069-48F0-A203-BF3621243786}.Release|Any CPU.Build.0 = Release|Any CPU
	EndGlobalSection
	GlobalSection(SolutionProperties) = preSolution
		HideSolutionNode = FALSE
	EndGlobalSection
	GlobalSection(ExtensibilityGlobals) = postSolution
		SolutionGuid = {64429219-9039-492A-890B-67DEB1D78F9B}
	EndGlobalSection
EndGlobal
